
Microsoft Visual Studio Solution File, Format Version 12.00
# Visual Studio Version 17
VisualStudioVersion = 17.7.34003.232
MinimumVisualStudioVersion = 10.0.40219.1
Project("{FAE04EC0-301F-11D3-BF4B-00C04F79EFBC}") = "Parcial2_BoteroAgudeloJessicaMaria", "Parcial2_BoteroAgudeloJessicaMaria\Parcial2_BoteroAgudeloJessicaMaria.csproj", "{DF6F4EBD-4948-4075-8C44-D709BA4843CC}"
EndProject
Global
	GlobalSection(SolutionConfigurationPlatforms) = preSolution
		Debug|Any CPU = Debug|Any CPU
		Release|Any CPU = Release|Any CPU
	EndGlobalSection
	GlobalSection(ProjectConfigurationPlatforms) = postSolution
		{DF6F4EBD-4948-4075-8C44-D709BA4843CC}.Debug|Any CPU.ActiveCfg = Debug|Any CPU
		{DF6F4EBD-4948-4075-8C44-D709BA4843CC}.Debug|Any CPU.Build.0 = Debug|Any CPU
		{DF6F4EBD-4948-4075-8C44-D709BA4843CC}.Release|Any CPU.ActiveCfg = Release|Any CPU
		{DF6F4EBD-4948-4075-8C44-D709BA4843CC}.Release|Any CPU.Build.0 = Release|Any CPU
	EndGlobalSection
	GlobalSection(SolutionProperties) = preSolution
		HideSolutionNode = FALSE
	EndGlobalSection
	GlobalSection(ExtensibilityGlobals) = postSolution
		SolutionGuid = {ED730A64-4439-48C5-9A71-129619C5C585}
	EndGlobalSection
EndGlobal
